
Microsoft Visual Studio Solution File, Format Version 12.00
# Visual Studio Version 17
VisualStudioVersion = 17.10.35122.118
MinimumVisualStudioVersion = 10.0.40219.1
Project("{2150E333-8FDC-42A3-9474-1A3956D46DE8}") = "src", "src", "{FB033C5E-E483-4A63-8546-8BF876E704D6}"
EndProject
Project("{2150E333-8FDC-42A3-9474-1A3956D46DE8}") = "test", "test", "{A96825BD-50B2-4D9D-8F98-D6E28809D23A}"
EndProject
Project("{9A19103F-16F7-4668-BE54-9A1E7A4F7556}") = "DemoRegister", "src\DemoRegister\DemoRegister.csproj", "{6283802B-6AB1-4B6F-92E8-AABC642F4F4D}"
EndProject
Project("{FAE04EC0-301F-11D3-BF4B-00C04F79EFBC}") = "DemoRegister.Test", "DemoRegister.Test\DemoRegister.Test.csproj", "{61FC7F68-DDFF-4B97-A6C6-01A1A01B37F5}"
EndProject
Global
	GlobalSection(SolutionConfigurationPlatforms) = preSolution
		Debug|Any CPU = Debug|Any CPU
		Release|Any CPU = Release|Any CPU
	EndGlobalSection
	GlobalSection(ProjectConfigurationPlatforms) = postSolution
		{6283802B-6AB1-4B6F-92E8-AABC642F4F4D}.Debug|Any CPU.ActiveCfg = Debug|Any CPU
		{6283802B-6AB1-4B6F-92E8-AABC642F4F4D}.Debug|Any CPU.Build.0 = Debug|Any CPU
		{6283802B-6AB1-4B6F-92E8-AABC642F4F4D}.Release|Any CPU.ActiveCfg = Release|Any CPU
		{6283802B-6AB1-4B6F-92E8-AABC642F4F4D}.Release|Any CPU.Build.0 = Release|Any CPU
		{61FC7F68-DDFF-4B97-A6C6-01A1A01B37F5}.Debug|Any CPU.ActiveCfg = Debug|Any CPU
		{61FC7F68-DDFF-4B97-A6C6-01A1A01B37F5}.Debug|Any CPU.Build.0 = Debug|Any CPU
		{61FC7F68-DDFF-4B97-A6C6-01A1A01B37F5}.Release|Any CPU.ActiveCfg = Release|Any CPU
		{61FC7F68-DDFF-4B97-A6C6-01A1A01B37F5}.Release|Any CPU.Build.0 = Release|Any CPU
	EndGlobalSection
	GlobalSection(SolutionProperties) = preSolution
		HideSolutionNode = FALSE
	EndGlobalSection
	GlobalSection(NestedProjects) = preSolution
		{6283802B-6AB1-4B6F-92E8-AABC642F4F4D} = {FB033C5E-E483-4A63-8546-8BF876E704D6}
		{61FC7F68-DDFF-4B97-A6C6-01A1A01B37F5} = {A96825BD-50B2-4D9D-8F98-D6E28809D23A}
	EndGlobalSection
	GlobalSection(ExtensibilityGlobals) = postSolution
		SolutionGuid = {DA7034FC-895A-4576-92CF-43180E3D4528}
	EndGlobalSection
EndGlobal
